
Microsoft Visual Studio Solution File, Format Version 12.00
# Visual Studio 15
Project("{FAE04EC0-301F-11D3-BF4B-00C04F79EFBC}") = "DotNetCoreWebApiDemo", "DotNetCoreWebApiDemo\DotNetCoreWebApiDemo.csproj", "{C068781A-B50C-4F42-8EC2-74C65328646D}"
EndProject
Global
	GlobalSection(SolutionConfigurationPlatforms) = preSolution
		Debug|Any CPU = Debug|Any CPU
		Release|Any CPU = Release|Any CPU
	EndGlobalSection
	GlobalSection(ProjectConfigurationPlatforms) = postSolution
		{C068781A-B50C-4F42-8EC2-74C65328646D}.Debug|Any CPU.ActiveCfg = Debug|Any CPU
		{C068781A-B50C-4F42-8EC2-74C65328646D}.Debug|Any CPU.Build.0 = Debug|Any CPU
		{C068781A-B50C-4F42-8EC2-74C65328646D}.Release|Any CPU.ActiveCfg = Release|Any CPU
		{C068781A-B50C-4F42-8EC2-74C65328646D}.Release|Any CPU.Build.0 = Release|Any CPU
	EndGlobalSection
EndGlobal
